{
  "name": "examples",
  "version": "1.0.0",
  "lockfileVersion": 1,
  "requires": true,
  "dependencies": {
    "@jsep-plugin/assignment": {
      "version": "1.3.0",
      "resolved": "https://registry.npmjs.org/@jsep-plugin/assignment/-/assignment-1.3.0.tgz",
      "integrity": "sha512-VVgV+CXrhbMI3aSusQyclHkenWSAm95WaiKrMxRFam3JSUiIaQjoMIw2sEs/OX4XifnqeQUN4DYbJjlA8EfktQ=="
    },
    "@jsep-plugin/regex": {
      "version": "1.0.4",
      "resolved": "https://registry.npmjs.org/@jsep-plugin/regex/-/regex-1.0.4.tgz",
      "integrity": "sha512-q7qL4Mgjs1vByCaTnDFcBnV9HS7GVPJX5vyVoCgZHNSC9rjwIlmbXG5sUuorR5ndfHAIlJ8pVStxvjXHbNvtUg=="
    },
    "clone": {
      "version": "2.1.2",
      "resolved": "https://registry.npmjs.org/clone/-/clone-2.1.2.tgz",
      "integrity": "sha512-3Pe/CF1Nn94hyhIYpjtiLhdCoEoz0DqQ+988E9gmeEdQZlojxnOb74wctFyuwWQHzqyf9X7C7MG8juUpqBJT8w=="
    },
    "eventemitter2": {
      "version": "6.4.9",
      "resolved": "https://registry.npmjs.org/eventemitter2/-/eventemitter2-6.4.9.tgz",
      "integrity": "sha512-JEPTiaOt9f04oa6NOkc4aH+nVp5I3wEjpHbIPqfgCdD5v5bUzy7xQqwcVO2aDQgOWhI28da57HksMrzK9HlRxg=="
    },
    "hash-it": {
      "version": "6.0.0",
      "resolved": "https://registry.npmjs.org/hash-it/-/hash-it-6.0.0.tgz",
      "integrity": "sha512-KHzmSFx1KwyMPw0kXeeUD752q/Kfbzhy6dAZrjXV9kAIXGqzGvv8vhkUqj+2MGZldTo0IBpw6v7iWE7uxsvH0w=="
    },
    "jsep": {
      "version": "1.4.0",
      "resolved": "https://registry.npmjs.org/jsep/-/jsep-1.4.0.tgz",
      "integrity": "sha512-B7qPcEVE3NVkmSJbaYxvv4cHkVW7DQsZz13pUMrfS8z8Q/BuShN+gcTXrUlPiGqM2/t/EEaI030bpxMqY8gMlw=="
    },
    "json-rules-engine": {
      "version": "7.0.0",
      "resolved": "https://registry.npmjs.org/json-rules-engine/-/json-rules-engine-7.0.0.tgz",
      "integrity": "sha512-DygXnqkk9/3DzHVXAkpB5Gt5YqhpieXXowG5IfD+xpDZFLRyHJAuT5aaDd2a0HGjiST5qZBnq/DGO9LtpLtGgQ==",
      "requires": {
        "clone": "^2.1.2",
        "eventemitter2": "^6.4.4",
        "hash-it": "^6.0.0",
        "jsonpath-plus": "^10.0.0"
      }
    },
    "jsonpath-plus": {
      "version": "10.1.0",
      "resolved": "https://registry.npmjs.org/jsonpath-plus/-/jsonpath-plus-10.1.0.tgz",
      "integrity": "sha512-gHfV1IYqH8uJHYVTs8BJX1XKy2/rR93+f8QQi0xhx95aCiXn1ettYAd5T+7FU6wfqyDoX/wy0pm/fL3jOKJ9Lg==",
      "requires": {
        "@jsep-plugin/assignment": "^1.2.1",
        "@jsep-plugin/regex": "^1.0.3",
        "jsep": "^1.3.9"
      }
    }
  }
}
